
Microsoft Visual Studio Solution File, Format Version 12.00
# Visual Studio Version 16
VisualStudioVersion = 16.0.30611.23
MinimumVisualStudioVersion = 10.0.40219.1
Project("{FAE04EC0-301F-11D3-BF4B-00C04F79EFBC}") = "MembershipSystemWithIdentity", "MembershipSystemWithIdentity\MembershipSystemWithIdentity.csproj", "{75D3D8C5-0425-4B20-9715-E47D3552AA19}"
EndProject
Global
	GlobalSection(SolutionConfigurationPlatforms) = preSolution
		Debug|Any CPU = Debug|Any CPU
		Release|Any CPU = Release|Any CPU
	EndGlobalSection
	GlobalSection(ProjectConfigurationPlatforms) = postSolution
		{75D3D8C5-0425-4B20-9715-E47D3552AA19}.Debug|Any CPU.ActiveCfg = Debug|Any CPU
		{75D3D8C5-0425-4B20-9715-E47D3552AA19}.Debug|Any CPU.Build.0 = Debug|Any CPU
		{75D3D8C5-0425-4B20-9715-E47D3552AA19}.Release|Any CPU.ActiveCfg = Release|Any CPU
		{75D3D8C5-0425-4B20-9715-E47D3552AA19}.Release|Any CPU.Build.0 = Release|Any CPU
	EndGlobalSection
	GlobalSection(SolutionProperties) = preSolution
		HideSolutionNode = FALSE
	EndGlobalSection
	GlobalSection(ExtensibilityGlobals) = postSolution
		SolutionGuid = {26774559-41D5-4D7D-976A-3957122F066F}
	EndGlobalSection
EndGlobal
